{
  "lockfile_version": "1",
  "packages": {
    "awscli2@latest": {
      "last_modified": "2025-07-17T10:11:59Z",
      "resolved": "github:NixOS/nixpkgs/fa0ef8a6bb1651aa26c939aeb51b5f499e86b0ec#awscli2",
      "source": "devbox-search",
      "version": "2.27.50",
      "systems": {
        "aarch64-darwin": {
          "outputs": [
            {
              "name": "out",
              "path": "/nix/store/h74q3311nclskcyrncj1kw7w747fd4jf-awscli2-2.27.50",
              "default": true
            },
            {
              "name": "dist",
              "path": "/nix/store/vz40liviv1351a89ncqzhp4xffakshqp-awscli2-2.27.50-dist"
            }
          ],
          "store_path": "/nix/store/h74q3311nclskcyrncj1kw7w747fd4jf-awscli2-2.27.50"
        },
        "aarch64-linux": {
          "outputs": [
            {
              "name": "out",
              "path": "/nix/store/csvbn708nih4310bz8xgwjh1lqykjip4-awscli2-2.27.50",
              "default": true
            },
            {
              "name": "dist",
              "path": "/nix/store/66zcgjkx5163wxkx4q4wy2mlinnac73h-awscli2-2.27.50-dist"
            }
          ],
          "store_path": "/nix/store/csvbn708nih4310bz8xgwjh1lqykjip4-awscli2-2.27.50"
        },
        "x86_64-darwin": {
          "outputs": [
            {
              "name": "out",
              "path": "/nix/store/dxj0qjhm41qw8akm842akgpcb5zjkkf7-awscli2-2.27.50",
              "default": true
            },
            {
              "name": "dist",
              "path": "/nix/store/92rz6l78nqdiv952srximfxfjg0m9a91-awscli2-2.27.50-dist"
            }
          ],
          "store_path": "/nix/store/dxj0qjhm41qw8akm842akgpcb5zjkkf7-awscli2-2.27.50"
        },
        "x86_64-linux": {
          "outputs": [
            {
              "name": "out",
              "path": "/nix/store/84x45xrqhadw16y11xkmyy9chh4hmd5m-awscli2-2.27.50",
              "default": true
            },
            {
              "name": "dist",
              "path": "/nix/store/p05rkykwh1h0wfkdmqlc5dy6afqbx434-awscli2-2.27.50-dist"
            }
          ],
          "store_path": "/nix/store/84x45xrqhadw16y11xkmyy9chh4hmd5m-awscli2-2.27.50"
        }
      }
    },
    "cilium-cli@0.18.5": {
      "last_modified": "2025-07-13T22:45:35Z",
      "resolved": "github:NixOS/nixpkgs/a421ac6595024edcfbb1ef950a3712b89161c359#cilium-cli",
      "source": "devbox-search",
      "version": "0.18.5",
      "systems": {
        "aarch64-darwin": {
          "outputs": [
            {
              "name": "out",
              "path": "/nix/store/3s85rc1ipx17s2dbgq4jc36dghryf6ga-cilium-cli-0.18.5",
              "default": true
            }
          ],
          "store_path": "/nix/store/3s85rc1ipx17s2dbgq4jc36dghryf6ga-cilium-cli-0.18.5"
        },
        "aarch64-linux": {
          "outputs": [
            {
              "name": "out",
              "path": "/nix/store/a841ac3l4x5rab85zp6r0p1dak1gs54x-cilium-cli-0.18.5",
              "default": true
            }
          ],
          "store_path": "/nix/store/a841ac3l4x5rab85zp6r0p1dak1gs54x-cilium-cli-0.18.5"
        },
        "x86_64-darwin": {
          "outputs": [
            {
              "name": "out",
              "path": "/nix/store/wcg48kd47qk7imjl5pvdrc81q1rc04ap-cilium-cli-0.18.5",
              "default": true
            }
          ],
          "store_path": "/nix/store/wcg48kd47qk7imjl5pvdrc81q1rc04ap-cilium-cli-0.18.5"
        },
        "x86_64-linux": {
          "outputs": [
            {
              "name": "out",
              "path": "/nix/store/vwc5w3zi90kmlpxm0hl5jrmcsy063yn1-cilium-cli-0.18.5",
              "default": true
            }
          ],
          "store_path": "/nix/store/vwc5w3zi90kmlpxm0hl5jrmcsy063yn1-cilium-cli-0.18.5"
        }
      }
    },
    "direnv@latest": {
      "last_modified": "2025-07-21T09:58:03Z",
      "resolved": "github:NixOS/nixpkgs/2baf8e1658cba84a032c3a8befb1e7b06629242a#direnv",
      "source": "devbox-search",
      "version": "2.37.1",
      "systems": {
        "aarch64-darwin": {
          "outputs": [
            {
              "name": "out",
              "path": "/nix/store/2yxm2j7kwmjvvjph8x2mmfhmzhaj1y5c-direnv-2.37.1",
              "default": true
            }
          ],
          "store_path": "/nix/store/2yxm2j7kwmjvvjph8x2mmfhmzhaj1y5c-direnv-2.37.1"
        },
        "aarch64-linux": {
          "outputs": [
            {
              "name": "out",
              "path": "/nix/store/8dfqhbnfc65fv4rxpjp2knvsc0c2h7f7-direnv-2.37.1",
              "default": true
            }
          ],
          "store_path": "/nix/store/8dfqhbnfc65fv4rxpjp2knvsc0c2h7f7-direnv-2.37.1"
        },
        "x86_64-darwin": {
          "outputs": [
            {
              "name": "out",
              "path": "/nix/store/sl2ay9dwylk2nvyxsg2kpcclhahgzhnb-direnv-2.37.1",
              "default": true
            }
          ],
          "store_path": "/nix/store/sl2ay9dwylk2nvyxsg2kpcclhahgzhnb-direnv-2.37.1"
        },
        "x86_64-linux": {
          "outputs": [
            {
              "name": "out",
              "path": "/nix/store/cayixg88lflclgcwjlc21bih648in6ff-direnv-2.37.1",
              "default": true
            }
          ],
          "store_path": "/nix/store/cayixg88lflclgcwjlc21bih648in6ff-direnv-2.37.1"
        }
      }
    },
    "eksctl@0.211.0": {
      "last_modified": "2025-07-24T15:00:16Z",
      "resolved": "github:NixOS/nixpkgs/b74a30dbc0a72e20df07d43109339f780b439291#eksctl",
      "source": "devbox-search",
      "version": "0.211.0",
      "systems": {
        "aarch64-darwin": {
          "outputs": [
            {
              "name": "out",
              "path": "/nix/store/s7qxwxvam4cprnc4bsq69310ky7w3123-eksctl-0.211.0",
              "default": true
            }
          ],
          "store_path": "/nix/store/s7qxwxvam4cprnc4bsq69310ky7w3123-eksctl-0.211.0"
        },
        "aarch64-linux": {
          "outputs": [
            {
              "name": "out",
              "path": "/nix/store/8374qpa38f2ziq0b9r81yrl874f1n0a6-eksctl-0.211.0",
              "default": true
            }
          ],
          "store_path": "/nix/store/8374qpa38f2ziq0b9r81yrl874f1n0a6-eksctl-0.211.0"
        },
        "x86_64-darwin": {
          "outputs": [
            {
              "name": "out",
              "path": "/nix/store/mn7bm6xpfjvp3708bd0hw0x4dr7zf2sx-eksctl-0.211.0",
              "default": true
            }
          ],
          "store_path": "/nix/store/mn7bm6xpfjvp3708bd0hw0x4dr7zf2sx-eksctl-0.211.0"
        },
        "x86_64-linux": {
          "outputs": [
            {
              "name": "out",
              "path": "/nix/store/pzh9wx63cwc0f4ilywfk9p58qdc2rs9w-eksctl-0.211.0",
              "default": true
            }
          ],
          "store_path": "/nix/store/pzh9wx63cwc0f4ilywfk9p58qdc2rs9w-eksctl-0.211.0"
        }
      }
    },
    "hubble@1.17.2": {
      "last_modified": "2025-07-13T22:45:35Z",
      "resolved": "github:NixOS/nixpkgs/a421ac6595024edcfbb1ef950a3712b89161c359#hubble",
      "source": "devbox-search",
      "version": "1.17.2",
      "systems": {
        "aarch64-darwin": {
          "outputs": [
            {
              "name": "out",
              "path": "/nix/store/l5d4yl4r825040dj7nqx6lz8x199c632-hubble-1.17.2",
              "default": true
            }
          ],
          "store_path": "/nix/store/l5d4yl4r825040dj7nqx6lz8x199c632-hubble-1.17.2"
        },
        "aarch64-linux": {
          "outputs": [
            {
              "name": "out",
              "path": "/nix/store/ran9krzqhi7szpszcayp7zwihxncwzgm-hubble-1.17.2",
              "default": true
            }
          ],
          "store_path": "/nix/store/ran9krzqhi7szpszcayp7zwihxncwzgm-hubble-1.17.2"
        },
        "x86_64-darwin": {
          "outputs": [
            {
              "name": "out",
              "path": "/nix/store/n8xil8jdjxfiplqwqi6z29s7aggz5cik-hubble-1.17.2",
              "default": true
            }
          ],
          "store_path": "/nix/store/n8xil8jdjxfiplqwqi6z29s7aggz5cik-hubble-1.17.2"
        },
        "x86_64-linux": {
          "outputs": [
            {
              "name": "out",
              "path": "/nix/store/g20039csx6hiirjv86c3przz292jxmxm-hubble-1.17.2",
              "default": true
            }
          ],
          "store_path": "/nix/store/g20039csx6hiirjv86c3przz292jxmxm-hubble-1.17.2"
        }
      }
    },
    "openssl@latest": {
      "last_modified": "2025-07-25T08:26:56Z",
      "resolved": "github:NixOS/nixpkgs/6027c30c8e9810896b92429f0092f624f7b1aace#openssl",
      "source": "devbox-search",
      "version": "3.5.1",
      "systems": {
        "aarch64-darwin": {
          "outputs": [
            {
              "name": "bin",
              "path": "/nix/store/k22fhwmlcmxlaw7rxzm31qsphi54q85f-openssl-3.5.1-bin",
              "default": true
            },
            {
              "name": "man",
              "path": "/nix/store/kd487zjg998pqib2sfr2kngczi12mc95-openssl-3.5.1-man",
              "default": true
            },
            {
              "name": "dev",
              "path": "/nix/store/mcn0w4mcl6n1ksx3mqdg8fc30qsifxn7-openssl-3.5.1-dev"
            },
            {
              "name": "doc",
              "path": "/nix/store/22rl7728qyr81j68nrbplrgjpz72gxj5-openssl-3.5.1-doc"
            },
            {
              "name": "out",
              "path": "/nix/store/mp06h340r3ylv2kjlf259yiilf70s4jv-openssl-3.5.1"
            }
          ],
          "store_path": "/nix/store/k22fhwmlcmxlaw7rxzm31qsphi54q85f-openssl-3.5.1-bin"
        },
        "aarch64-linux": {
          "outputs": [
            {
              "name": "bin",
              "path": "/nix/store/rz6kxry2fc31m49fa2x5nj7mfszvvfb7-openssl-3.5.1-bin",
              "default": true
            },
            {
              "name": "man",
              "path": "/nix/store/8l36ax4d5s8qg1amc4k5dk1xrr9dv2ry-openssl-3.5.1-man",
              "default": true
            },
            {
              "name": "doc",
              "path": "/nix/store/lpxv5jwz8pfjdikf2iravd5jpaph79ar-openssl-3.5.1-doc"
            },
            {
              "name": "out",
              "path": "/nix/store/nxgc9iw2hpd4djf68qg4bpvxx1kjbm3y-openssl-3.5.1"
            },
            {
              "name": "debug",
              "path": "/nix/store/k23zsb22j81bnlhcfx732r30cnxkwnc1-openssl-3.5.1-debug"
            },
            {
              "name": "dev",
              "path": "/nix/store/5i2b3p7l3q2g12arpdjfknbng9l9wjif-openssl-3.5.1-dev"
            }
          ],
          "store_path": "/nix/store/rz6kxry2fc31m49fa2x5nj7mfszvvfb7-openssl-3.5.1-bin"
        },
        "x86_64-darwin": {
          "outputs": [
            {
              "name": "bin",
              "path": "/nix/store/2xgjz3agqfjvx0zqh0aanq1pnghqfjsp-openssl-3.5.1-bin",
              "default": true
            },
            {
              "name": "man",
              "path": "/nix/store/cm3762afqpzmk3s1a2nvdaqcyky5avyy-openssl-3.5.1-man",
              "default": true
            },
            {
              "name": "dev",
              "path": "/nix/store/66gas9mcxdchlnrg6ysgprr4awq4nkbw-openssl-3.5.1-dev"
            },
            {
              "name": "doc",
              "path": "/nix/store/9bsmrw171v549cj6jrm2dgn54qyyp9s9-openssl-3.5.1-doc"
            },
            {
              "name": "out",
              "path": "/nix/store/638jm6swlfnsl7liyy63krwsijclzsli-openssl-3.5.1"
            }
          ],
          "store_path": "/nix/store/2xgjz3agqfjvx0zqh0aanq1pnghqfjsp-openssl-3.5.1-bin"
        },
        "x86_64-linux": {
          "outputs": [
            {
              "name": "bin",
              "path": "/nix/store/x9h21yvdf2sz1wfa5g3ppd0g8c7jcga9-openssl-3.5.1-bin",
              "default": true
            },
            {
              "name": "man",
              "path": "/nix/store/x713vmzf9pqcskp600j69rdc0j338k3s-openssl-3.5.1-man",
              "default": true
            },
            {
              "name": "doc",
              "path": "/nix/store/xsyhll6inxy2nkp6gxamhifpr459ycwi-openssl-3.5.1-doc"
            },
            {
              "name": "out",
              "path": "/nix/store/wadq4gzybbvg5243d90l9x4mw3459r3a-openssl-3.5.1"
            },
            {
              "name": "debug",
              "path": "/nix/store/ccp1lgds4yzv2f8smsdcphyd2ffn3946-openssl-3.5.1-debug"
            },
            {
              "name": "dev",
              "path": "/nix/store/jyi9ix8mpg6zb22d14ibsxblyz7qm9lw-openssl-3.5.1-dev"
            }
          ],
          "store_path": "/nix/store/x9h21yvdf2sz1wfa5g3ppd0g8c7jcga9-openssl-3.5.1-bin"
        }
      }
    },
    "terraform@1.12.2": {
      "last_modified": "2025-07-13T22:45:35Z",
      "resolved": "github:NixOS/nixpkgs/a421ac6595024edcfbb1ef950a3712b89161c359#terraform",
      "source": "devbox-search",
      "version": "1.12.2",
      "systems": {
        "aarch64-darwin": {
          "outputs": [
            {
              "name": "out",
              "path": "/nix/store/mm2c99sw758j0kqbmwcl1aydh2x308x4-terraform-1.12.2",
              "default": true
            }
          ],
          "store_path": "/nix/store/mm2c99sw758j0kqbmwcl1aydh2x308x4-terraform-1.12.2"
        },
        "aarch64-linux": {
          "outputs": [
            {
              "name": "out",
              "path": "/nix/store/p423g613paxs9ldbnkr5mcxrgb5ilwfh-terraform-1.12.2",
              "default": true
            }
          ],
          "store_path": "/nix/store/p423g613paxs9ldbnkr5mcxrgb5ilwfh-terraform-1.12.2"
        },
        "x86_64-darwin": {
          "outputs": [
            {
              "name": "out",
              "path": "/nix/store/xn003hjbh4qf2ck38h2qck60wh04h0y9-terraform-1.12.2",
              "default": true
            }
          ],
          "store_path": "/nix/store/xn003hjbh4qf2ck38h2qck60wh04h0y9-terraform-1.12.2"
        },
        "x86_64-linux": {
          "outputs": [
            {
              "name": "out",
              "path": "/nix/store/r827xxb0f2xkkizh71ijgwcm4g2lybwi-terraform-1.12.2",
              "default": true
            }
          ],
          "store_path": "/nix/store/r827xxb0f2xkkizh71ijgwcm4g2lybwi-terraform-1.12.2"
        }
      }
    },
    "terragrunt@0.83.2": {
      "last_modified": "2025-07-19T04:40:28Z",
      "resolved": "github:NixOS/nixpkgs/6b4955211758ba47fac850c040a27f23b9b4008f#terragrunt",
      "source": "devbox-search",
      "version": "0.83.2",
      "systems": {
        "aarch64-darwin": {
          "outputs": [
            {
              "name": "out",
              "path": "/nix/store/0qz8g2zn48n5y01w73gm77n5p5amqqvr-terragrunt-0.83.2",
              "default": true
            }
          ],
          "store_path": "/nix/store/0qz8g2zn48n5y01w73gm77n5p5amqqvr-terragrunt-0.83.2"
        },
        "aarch64-linux": {
          "outputs": [
            {
              "name": "out",
              "path": "/nix/store/gc9jibqrw35wvxv3ccqgb2cl3zpmfgdv-terragrunt-0.83.2",
              "default": true
            }
          ],
          "store_path": "/nix/store/gc9jibqrw35wvxv3ccqgb2cl3zpmfgdv-terragrunt-0.83.2"
        },
        "x86_64-darwin": {
          "outputs": [
            {
              "name": "out",
              "path": "/nix/store/1sqzcvzf2yninr38qy3bcsgbs47nw123-terragrunt-0.83.2",
              "default": true
            }
          ],
          "store_path": "/nix/store/1sqzcvzf2yninr38qy3bcsgbs47nw123-terragrunt-0.83.2"
        },
        "x86_64-linux": {
          "outputs": [
            {
              "name": "out",
              "path": "/nix/store/m8n627iwm446889znkqhvq9xvmkcd5cc-terragrunt-0.83.2",
              "default": true
            }
          ],
          "store_path": "/nix/store/m8n627iwm446889znkqhvq9xvmkcd5cc-terragrunt-0.83.2"
        }
      }
    }
  }
}
